
Microsoft Visual Studio Solution File, Format Version 12.00
# Visual Studio Version 16
VisualStudioVersion = 16.0.808.10
MinimumVisualStudioVersion = 10.0.40219.1
Project("{9A19103F-16F7-4668-BE54-9A1E7A4F7556}") = "Homework5.0", "Homework5.0\Homework5.0.csproj", "{E31BEB9A-03DA-428D-A7A9-9FF926B36554}"
EndProject
Project("{F184B08F-C81C-45F6-A57F-5ABD9991F28F}") = "OrderServiceTest", "OrderServiceTest\OrderServiceTest.vbproj", "{2785373B-73EB-4D7E-AE42-14F25F6685E4}"
EndProject
Global
	GlobalSection(SolutionConfigurationPlatforms) = preSolution
		Debug|Any CPU = Debug|Any CPU
		Release|Any CPU = Release|Any CPU
	EndGlobalSection
	GlobalSection(ProjectConfigurationPlatforms) = postSolution
		{E31BEB9A-03DA-428D-A7A9-9FF926B36554}.Debug|Any CPU.ActiveCfg = Debug|Any CPU
		{E31BEB9A-03DA-428D-A7A9-9FF926B36554}.Debug|Any CPU.Build.0 = Debug|Any CPU
		{E31BEB9A-03DA-428D-A7A9-9FF926B36554}.Release|Any CPU.ActiveCfg = Release|Any CPU
		{E31BEB9A-03DA-428D-A7A9-9FF926B36554}.Release|Any CPU.Build.0 = Release|Any CPU
		{2785373B-73EB-4D7E-AE42-14F25F6685E4}.Debug|Any CPU.ActiveCfg = Debug|Any CPU
		{2785373B-73EB-4D7E-AE42-14F25F6685E4}.Debug|Any CPU.Build.0 = Debug|Any CPU
		{2785373B-73EB-4D7E-AE42-14F25F6685E4}.Release|Any CPU.ActiveCfg = Release|Any CPU
		{2785373B-73EB-4D7E-AE42-14F25F6685E4}.Release|Any CPU.Build.0 = Release|Any CPU
	EndGlobalSection
	GlobalSection(SolutionProperties) = preSolution
		HideSolutionNode = FALSE
	EndGlobalSection
	GlobalSection(ExtensibilityGlobals) = postSolution
		SolutionGuid = {5C4025B2-7A1D-4B15-9E4B-094B27EA98F2}
	EndGlobalSection
EndGlobal
